
Microsoft Visual Studio Solution File, Format Version 12.00
# Visual Studio 2012
Project("{FAE04EC0-301F-11D3-BF4B-00C04F79EFBC}") = "NugetPackaging", "NugetPackaging\NugetPackaging.csproj", "{6C884EBC-D4F3-4ED4-B3C2-428B13AAFED3}"
EndProject
Project("{FAE04EC0-301F-11D3-BF4B-00C04F79EFBC}") = "RomanticWeb", "RomanticWeb\RomanticWeb.csproj", "{0EE621E3-4A27-44B5-AEA9-04B43E730D46}"
	ProjectSection(ProjectDependencies) = postProject
		{6C884EBC-D4F3-4ED4-B3C2-428B13AAFED3} = {6C884EBC-D4F3-4ED4-B3C2-428B13AAFED3}
	EndProjectSection
EndProject
Project("{2150E333-8FDC-42A3-9474-1A3956D46DE8}") = ".nuget", ".nuget", "{AEA90D88-2EEA-4AAD-80ED-B3EBCAF9F36C}"
	ProjectSection(SolutionItems) = preProject
		.nuget\NuGet.Config = .nuget\NuGet.Config
		.nuget\NuGet.exe = .nuget\NuGet.exe
		.nuget\NuGet.targets = .nuget\NuGet.targets
		NuGetBuild\NugetBuild.targets = NuGetBuild\NugetBuild.targets
	EndProjectSection
EndProject
Project("{FAE04EC0-301F-11D3-BF4B-00C04F79EFBC}") = "RomanticWeb.dotNetRDF", "RomanticWeb.dotNetRDF\RomanticWeb.dotNetRDF.csproj", "{B1C2726C-C24A-4DAF-AEFA-A812E3C3D145}"
	ProjectSection(ProjectDependencies) = postProject
		{6C884EBC-D4F3-4ED4-B3C2-428B13AAFED3} = {6C884EBC-D4F3-4ED4-B3C2-428B13AAFED3}
	EndProjectSection
EndProject
Project("{FAE04EC0-301F-11D3-BF4B-00C04F79EFBC}") = "RomanticWeb.Fody", "RomanticWeb.Fody\RomanticWeb.Fody.csproj", "{4A3688AE-E29D-468E-806C-61D6447CC039}"
EndProject
Project("{FAE04EC0-301F-11D3-BF4B-00C04F79EFBC}") = "RomanticWeb.JsonLd", "RomanticWeb.JsonLd\RomanticWeb.JsonLd.csproj", "{0BD5CF7B-5978-46F0-B7C6-A5D2B1C98F37}"
	ProjectSection(ProjectDependencies) = postProject
		{6C884EBC-D4F3-4ED4-B3C2-428B13AAFED3} = {6C884EBC-D4F3-4ED4-B3C2-428B13AAFED3}
	EndProjectSection
EndProject
Project("{FAE04EC0-301F-11D3-BF4B-00C04F79EFBC}") = "RomanticWeb.TestEntities", "Tests\RomanticWeb.TestEntities\RomanticWeb.TestEntities.csproj", "{AF4CCD1D-3FEF-4F5A-9A89-94D0E7E6D3B5}"
	ProjectSection(ProjectDependencies) = postProject
		{4A3688AE-E29D-468E-806C-61D6447CC039} = {4A3688AE-E29D-468E-806C-61D6447CC039}
	EndProjectSection
EndProject
Project("{FAE04EC0-301F-11D3-BF4B-00C04F79EFBC}") = "RomanticWeb.TestEntities.FluentMappings", "Tests\RomanticWeb.TestEntities.FluentMappings\RomanticWeb.TestEntities.FluentMappings.csproj", "{87302AD5-4877-494F-AEB2-AC2A2DDB0D2B}"
	ProjectSection(ProjectDependencies) = postProject
		{4A3688AE-E29D-468E-806C-61D6447CC039} = {4A3688AE-E29D-468E-806C-61D6447CC039}
	EndProjectSection
EndProject
Project("{FAE04EC0-301F-11D3-BF4B-00C04F79EFBC}") = "RomanticWeb.TestEntities.MixedMappings", "Tests\RomanticWeb.TestEntities.MixedMappings\RomanticWeb.TestEntities.MixedMappings.csproj", "{6B8F4D5C-36E9-4952-B719-AF80E5171276}"
	ProjectSection(ProjectDependencies) = postProject
		{4A3688AE-E29D-468E-806C-61D6447CC039} = {4A3688AE-E29D-468E-806C-61D6447CC039}
	EndProjectSection
EndProject
Project("{FAE04EC0-301F-11D3-BF4B-00C04F79EFBC}") = "RomanticWeb.Tests", "Tests\RomanticWeb.Tests\RomanticWeb.Tests.csproj", "{BB89FC1F-FA9C-4D6D-BD12-0A0297692863}"
EndProject
Project("{2150E333-8FDC-42A3-9474-1A3956D46DE8}") = "Tests", "Tests", "{F04E013B-0C40-4811-9AF1-4197D086D7CC}"
EndProject
Project("{2150E333-8FDC-42A3-9474-1A3956D46DE8}") = ".build", ".build", "{5510EA69-7EEB-4D7D-86BD-6A3C4A31C4E1}"
	ProjectSection(SolutionItems) = preProject
		.build\MSBuild.Community.Tasks.dll = .build\MSBuild.Community.Tasks.dll
		.build\MSBuild.Community.Tasks.targets = .build\MSBuild.Community.Tasks.targets
		NuGetBuild\NugetBuild.targets = NuGetBuild\NugetBuild.targets
	EndProjectSection
EndProject
Global
	GlobalSection(SolutionConfigurationPlatforms) = preSolution
		Debug|Any CPU = Debug|Any CPU
		Release|Any CPU = Release|Any CPU
	EndGlobalSection
	GlobalSection(ProjectConfigurationPlatforms) = postSolution
		{6C884EBC-D4F3-4ED4-B3C2-428B13AAFED3}.Debug|Any CPU.ActiveCfg = Release|Any CPU
		{6C884EBC-D4F3-4ED4-B3C2-428B13AAFED3}.Debug|Any CPU.Build.0 = Release|Any CPU
		{6C884EBC-D4F3-4ED4-B3C2-428B13AAFED3}.Release|Any CPU.ActiveCfg = Release|Any CPU
		{6C884EBC-D4F3-4ED4-B3C2-428B13AAFED3}.Release|Any CPU.Build.0 = Release|Any CPU
		{0EE621E3-4A27-44B5-AEA9-04B43E730D46}.Debug|Any CPU.ActiveCfg = Debug|Any CPU
		{0EE621E3-4A27-44B5-AEA9-04B43E730D46}.Debug|Any CPU.Build.0 = Debug|Any CPU
		{0EE621E3-4A27-44B5-AEA9-04B43E730D46}.Release|Any CPU.ActiveCfg = Release|Any CPU
		{0EE621E3-4A27-44B5-AEA9-04B43E730D46}.Release|Any CPU.Build.0 = Release|Any CPU
		{B1C2726C-C24A-4DAF-AEFA-A812E3C3D145}.Debug|Any CPU.ActiveCfg = Debug|Any CPU
		{B1C2726C-C24A-4DAF-AEFA-A812E3C3D145}.Debug|Any CPU.Build.0 = Debug|Any CPU
		{B1C2726C-C24A-4DAF-AEFA-A812E3C3D145}.Release|Any CPU.ActiveCfg = Release|Any CPU
		{B1C2726C-C24A-4DAF-AEFA-A812E3C3D145}.Release|Any CPU.Build.0 = Release|Any CPU
		{4A3688AE-E29D-468E-806C-61D6447CC039}.Debug|Any CPU.ActiveCfg = Debug|Any CPU
		{4A3688AE-E29D-468E-806C-61D6447CC039}.Debug|Any CPU.Build.0 = Debug|Any CPU
		{4A3688AE-E29D-468E-806C-61D6447CC039}.Release|Any CPU.ActiveCfg = Release|Any CPU
		{4A3688AE-E29D-468E-806C-61D6447CC039}.Release|Any CPU.Build.0 = Release|Any CPU
		{0BD5CF7B-5978-46F0-B7C6-A5D2B1C98F37}.Debug|Any CPU.ActiveCfg = Debug|Any CPU
		{0BD5CF7B-5978-46F0-B7C6-A5D2B1C98F37}.Debug|Any CPU.Build.0 = Debug|Any CPU
		{0BD5CF7B-5978-46F0-B7C6-A5D2B1C98F37}.Release|Any CPU.ActiveCfg = Release|Any CPU
		{0BD5CF7B-5978-46F0-B7C6-A5D2B1C98F37}.Release|Any CPU.Build.0 = Release|Any CPU
		{AF4CCD1D-3FEF-4F5A-9A89-94D0E7E6D3B5}.Debug|Any CPU.ActiveCfg = Debug|Any CPU
		{AF4CCD1D-3FEF-4F5A-9A89-94D0E7E6D3B5}.Debug|Any CPU.Build.0 = Debug|Any CPU
		{AF4CCD1D-3FEF-4F5A-9A89-94D0E7E6D3B5}.Release|Any CPU.ActiveCfg = Release|Any CPU
		{AF4CCD1D-3FEF-4F5A-9A89-94D0E7E6D3B5}.Release|Any CPU.Build.0 = Release|Any CPU
		{87302AD5-4877-494F-AEB2-AC2A2DDB0D2B}.Debug|Any CPU.ActiveCfg = Debug|Any CPU
		{87302AD5-4877-494F-AEB2-AC2A2DDB0D2B}.Debug|Any CPU.Build.0 = Debug|Any CPU
		{87302AD5-4877-494F-AEB2-AC2A2DDB0D2B}.Release|Any CPU.ActiveCfg = Release|Any CPU
		{87302AD5-4877-494F-AEB2-AC2A2DDB0D2B}.Release|Any CPU.Build.0 = Release|Any CPU
		{6B8F4D5C-36E9-4952-B719-AF80E5171276}.Debug|Any CPU.ActiveCfg = Debug|Any CPU
		{6B8F4D5C-36E9-4952-B719-AF80E5171276}.Debug|Any CPU.Build.0 = Debug|Any CPU
		{6B8F4D5C-36E9-4952-B719-AF80E5171276}.Release|Any CPU.ActiveCfg = Release|Any CPU
		{6B8F4D5C-36E9-4952-B719-AF80E5171276}.Release|Any CPU.Build.0 = Release|Any CPU
		{BB89FC1F-FA9C-4D6D-BD12-0A0297692863}.Debug|Any CPU.ActiveCfg = Debug|Any CPU
		{BB89FC1F-FA9C-4D6D-BD12-0A0297692863}.Debug|Any CPU.Build.0 = Debug|Any CPU
		{BB89FC1F-FA9C-4D6D-BD12-0A0297692863}.Release|Any CPU.ActiveCfg = Release|Any CPU
		{BB89FC1F-FA9C-4D6D-BD12-0A0297692863}.Release|Any CPU.Build.0 = Release|Any CPU
	EndGlobalSection
	GlobalSection(SolutionProperties) = preSolution
		HideSolutionNode = FALSE
	EndGlobalSection
	GlobalSection(NestedProjects) = preSolution
		{87302AD5-4877-494F-AEB2-AC2A2DDB0D2B} = {F04E013B-0C40-4811-9AF1-4197D086D7CC}
		{6B8F4D5C-36E9-4952-B719-AF80E5171276} = {F04E013B-0C40-4811-9AF1-4197D086D7CC}
		{BB89FC1F-FA9C-4D6D-BD12-0A0297692863} = {F04E013B-0C40-4811-9AF1-4197D086D7CC}
		{AF4CCD1D-3FEF-4F5A-9A89-94D0E7E6D3B5} = {F04E013B-0C40-4811-9AF1-4197D086D7CC}
	EndGlobalSection
EndGlobal
